{
  "lockfile-version": 1,
  "manifest": {
    "schema-version": "1.12.0",
    "install": {
      "postgresql": {
        "pkg-path": "postgresql"
      }
    },
    "hook": {},
    "profile": {},
    "options": {}
  },
  "packages": [
    {
      "attr_path": "postgresql",
      "broken": false,
      "derivation": "/nix/store/pqywnypyjaz17pmhlk2xm29b53nrd6gg-postgresql-17.9.drv",
      "description": "Powerful, open source object-relational database system",
      "install_id": "postgresql",
      "license": "PostgreSQL",
      "locked_url": "https://github.com/flox/nixpkgs?rev=549bd84d6279f9852cae6225e372cc67fb91a4c1",
      "name": "postgresql-17.9",
      "pname": "postgresql",
      "rev": "549bd84d6279f9852cae6225e372cc67fb91a4c1",
      "rev_count": 992384,
      "rev_date": "2026-05-05T04:14:16Z",
      "scrape_date": "2026-05-06T08:07:54.071809Z",
      "stabilities": [
        "staging",
        "unstable"
      ],
      "unfree": false,
      "version": "17.9",
      "outputs_to_install": [
        "man",
        "out"
      ],
      "outputs": {
        "dev": "/nix/store/1afbgybik6wcrjqfq23fq8w54vhi4ihc-postgresql-17.9-dev",
        "doc": "/nix/store/17iq0clql4kdp0ifq7fflhw3lm3cbs20-postgresql-17.9-doc",
        "jit": "/nix/store/rf3ywih5i4xj5a279rqkfcnl58zrpc52-postgresql-17.9-jit",
        "lib": "/nix/store/b791vg5hl27mf4kykmk9f5dwlki9gagg-postgresql-17.9-lib",
        "man": "/nix/store/nwy2304larzi3sdp80y58rvgfja87z4c-postgresql-17.9-man",
        "out": "/nix/store/vp1q6bggwbzhzz6fkwsnzrnxn58n85n3-postgresql-17.9",
        "plperl": "/nix/store/06hkzlwmq6m6045d8x6l2rlrsz0pa4fg-postgresql-17.9-plperl",
        "plpython3": "/nix/store/qqfvcc7i22ngivk8f7ifpq0aiv8sk0p6-postgresql-17.9-plpython3",
        "pltcl": "/nix/store/vcsr2nxhcr8f1gzjszyl4dsg0apyc3fb-postgresql-17.9-pltcl"
      },
      "system": "aarch64-darwin",
      "group": "toplevel",
      "priority": 5
    },
    {
      "attr_path": "postgresql",
      "broken": false,
      "derivation": "/nix/store/ppjxbapz15xxj7l2pkiislpkrmqf68bz-postgresql-17.9.drv",
      "description": "Powerful, open source object-relational database system",
      "install_id": "postgresql",
      "license": "PostgreSQL",
      "locked_url": "https://github.com/flox/nixpkgs?rev=549bd84d6279f9852cae6225e372cc67fb91a4c1",
      "name": "postgresql-17.9",
      "pname": "postgresql",
      "rev": "549bd84d6279f9852cae6225e372cc67fb91a4c1",
      "rev_count": 992384,
      "rev_date": "2026-05-05T04:14:16Z",
      "scrape_date": "2026-05-06T08:44:42.539512Z",
      "stabilities": [
        "staging",
        "unstable"
      ],
      "unfree": false,
      "version": "17.9",
      "outputs_to_install": [
        "man",
        "out"
      ],
      "outputs": {
        "debug": "/nix/store/ynjawsvdhbjkxwmqhk3sh2q9ni9wqki8-postgresql-17.9-debug",
        "dev": "/nix/store/3qkapibwgkma857k7gq7lxparyn83grw-postgresql-17.9-dev",
        "doc": "/nix/store/7f76g031vy5qiifhb4c251acys4b164p-postgresql-17.9-doc",
        "jit": "/nix/store/mindc7gmjrjis5gvxazrzr4y229k3g1j-postgresql-17.9-jit",
        "lib": "/nix/store/plyiia9h25pkhfsgl348qjfkda3fidfk-postgresql-17.9-lib",
        "man": "/nix/store/5xp79bhiyirjgz53dxpfp94gp5cd9hzg-postgresql-17.9-man",
        "out": "/nix/store/srvh5jplrdn4xdk9sn7wk1wxpjyfskx2-postgresql-17.9",
        "plperl": "/nix/store/7v68acpwr9ss0q5pznq5g6js4ksy2z6m-postgresql-17.9-plperl",
        "plpython3": "/nix/store/5ddvpkw48cfrk7kvja0xkgcywdnm59qc-postgresql-17.9-plpython3",
        "pltcl": "/nix/store/4v8khkwnqlrzwyc2si7hn0yc7g0p0j2r-postgresql-17.9-pltcl"
      },
      "system": "aarch64-linux",
      "group": "toplevel",
      "priority": 5
    },
    {
      "attr_path": "postgresql",
      "broken": false,
      "derivation": "/nix/store/06a1a57pgd954zczj35b7h7wxfdlkpgz-postgresql-17.9.drv",
      "description": "Powerful, open source object-relational database system",
      "install_id": "postgresql",
      "license": "PostgreSQL",
      "locked_url": "https://github.com/flox/nixpkgs?rev=549bd84d6279f9852cae6225e372cc67fb91a4c1",
      "name": "postgresql-17.9",
      "pname": "postgresql",
      "rev": "549bd84d6279f9852cae6225e372cc67fb91a4c1",
      "rev_count": 992384,
      "rev_date": "2026-05-05T04:14:16Z",
      "scrape_date": "2026-05-06T09:16:48.145760Z",
      "stabilities": [
        "staging",
        "unstable"
      ],
      "unfree": false,
      "version": "17.9",
      "outputs_to_install": [
        "man",
        "out"
      ],
      "outputs": {
        "dev": "/nix/store/c0hnva9h1a49n057s120rkwnqhvr95i2-postgresql-17.9-dev",
        "doc": "/nix/store/3db6vzaljarhbki2swx05nr5idwpbyzv-postgresql-17.9-doc",
        "jit": "/nix/store/kp7ihsxrp59kwibbc50i2r0izrgp5fif-postgresql-17.9-jit",
        "lib": "/nix/store/6xjsg76dgkzffd8lp5lpb3xk0qm18pk6-postgresql-17.9-lib",
        "man": "/nix/store/vjbfmdpzn3fzry91xrfkpw1x6a6qa86y-postgresql-17.9-man",
        "out": "/nix/store/g7wpjqjpblhfgdmh0zsq9cmdd93ws9hc-postgresql-17.9",
        "plperl": "/nix/store/lx37qri3w4i2g1iwx2glxhh7q2n6lr3n-postgresql-17.9-plperl",
        "plpython3": "/nix/store/m88darhcjngcdgf9q5dq3qmidc2pw5wl-postgresql-17.9-plpython3",
        "pltcl": "/nix/store/gw5l04rh8mz02jxwprxq3y0rmm2xrf1g-postgresql-17.9-pltcl"
      },
      "system": "x86_64-darwin",
      "group": "toplevel",
      "priority": 5
    },
    {
      "attr_path": "postgresql",
      "broken": false,
      "derivation": "/nix/store/4rnlryp5br3dyhsaqsndhzck1dj3y5j5-postgresql-17.9.drv",
      "description": "Powerful, open source object-relational database system",
      "install_id": "postgresql",
      "license": "PostgreSQL",
      "locked_url": "https://github.com/flox/nixpkgs?rev=549bd84d6279f9852cae6225e372cc67fb91a4c1",
      "name": "postgresql-17.9",
      "pname": "postgresql",
      "rev": "549bd84d6279f9852cae6225e372cc67fb91a4c1",
      "rev_count": 992384,
      "rev_date": "2026-05-05T04:14:16Z",
      "scrape_date": "2026-05-06T09:53:22.208776Z",
      "stabilities": [
        "staging",
        "unstable"
      ],
      "unfree": false,
      "version": "17.9",
      "outputs_to_install": [
        "man",
        "out",
        "out",
        "out"
      ],
      "outputs": {
        "debug": "/nix/store/wg9nz911327g0512j1lh98i2jycx162v-postgresql-17.9-debug",
        "dev": "/nix/store/d43m4gyanrw9cjs7zbfij9xkw68dx782-postgresql-17.9-dev",
        "doc": "/nix/store/5zwinfr69a3h6i7cczbglrlpsnlbg2ap-postgresql-17.9-doc",
        "jit": "/nix/store/abi5xrm939yd7ymc6szyrzrbs1f13wv5-postgresql-17.9-jit",
        "lib": "/nix/store/b9lrxza08xalvx9d6q46pr582ld5jdzj-postgresql-17.9-lib",
        "man": "/nix/store/48gmbw8yp3km80s12pr5mdzbn2xi2drd-postgresql-17.9-man",
        "out": "/nix/store/vly1mpb0rah7xr34ybcf3s339cjh22vh-postgresql-17.9",
        "plperl": "/nix/store/kf9rw577lg5svh1hm0l8mjnl53zs9bni-postgresql-17.9-plperl",
        "plpython3": "/nix/store/f1g597qn6888drvqwx3x7q47as4ca3m3-postgresql-17.9-plpython3",
        "pltcl": "/nix/store/2xlls8n1jq5s2s3f0d29d25ljk0cnfgr-postgresql-17.9-pltcl"
      },
      "system": "x86_64-linux",
      "group": "toplevel",
      "priority": 5
    }
  ]
}
